
Microsoft Visual Studio Solution File, Format Version 12.00
# Visual Studio Version 17
VisualStudioVersion = 17.14.36511.14
MinimumVisualStudioVersion = 10.0.40219.1
Project("{2150E333-8FDC-42A3-9474-1A3956D46DE8}") = "Task0", "Task0", "{02EA681E-C7D8-13C7-8484-4AC65E1B71E8}"
EndProject
Project("{FAE04EC0-301F-11D3-BF4B-00C04F79EFBC}") = "Tyuiu.AymurzinaJV.Sprint1.Task0.V15", "Tyuiu.AymurzinaJV.Sprint1.Task0.V15\Tyuiu.AymurzinaJV.Sprint1.Task0.V15.csproj", "{D0A0C68E-A4B5-4E1A-BCD6-95575D256037}"
EndProject
Project("{FAE04EC0-301F-11D3-BF4B-00C04F79EFBC}") = "Tyuiu.AymurzinaJV.Sprint1.Task0.V15.Lib", "Tyuiu.AymurzinaJV.Sprint1.Task0.V15.Lib\Tyuiu.AymurzinaJV.Sprint1.Task0.V15.Lib.csproj", "{CCCF8E4A-0A51-4482-82FF-455CE180704A}"
EndProject
Project("{FAE04EC0-301F-11D3-BF4B-00C04F79EFBC}") = "Tyuiu.AymurzinaJV.Sprint1.Task0.V15.Test", "Tyuiu.AymurzinaJV.Sprint1.Task0.V15.Test\Tyuiu.AymurzinaJV.Sprint1.Task0.V15.Test.csproj", "{40AC947E-3593-4345-BDE2-5CFDE78A1EF4}"
EndProject
Project("{2150E333-8FDC-42A3-9474-1A3956D46DE8}") = "Task1", "Task1", "{150795B7-D6F9-426D-86F7-6624C89A66C1}"
EndProject
Project("{FAE04EC0-301F-11D3-BF4B-00C04F79EFBC}") = "Tyuiu.AymurzinaJV.Sprint1.Task1.V5", "Tyuiu.AymurzinaJV.Sprint1.Task1.V5\Tyuiu.AymurzinaJV.Sprint1.Task1.V5.csproj", "{8D8D1A3A-4F01-43CE-B6DF-B9CBD6E31CFF}"
EndProject
Project("{FAE04EC0-301F-11D3-BF4B-00C04F79EFBC}") = "Tyuiu.AymurzinaJV.Sprint1.Task1.V5.Lib", "Tyuiu.AymurzinaJV.Sprint1.Task1.V5.Lib\Tyuiu.AymurzinaJV.Sprint1.Task1.V5.Lib.csproj", "{66FF85E2-D99C-4175-B2D1-751EDC992717}"
EndProject
Project("{FAE04EC0-301F-11D3-BF4B-00C04F79EFBC}") = "Tyuiu.AymurzinaJV.Sprint1.Task1.V5.Test", "Tyuiu.AymurzinaJV.Sprint1.Task1.V5.Test\Tyuiu.AymurzinaJV.Sprint1.Task1.V5.Test.csproj", "{727F02D3-9DE6-497B-A090-71877B2A38BA}"
EndProject
Project("{2150E333-8FDC-42A3-9474-1A3956D46DE8}") = "Task2", "Task2", "{84B4F3D1-4D1F-4BA9-B410-24FBD041D7C1}"
EndProject
Project("{FAE04EC0-301F-11D3-BF4B-00C04F79EFBC}") = "Tyuiu.AymurzinaJV.Sprint1.Task2.V29", "Tyuiu.AymurzinaJV.Sprint1.Task2.V29\Tyuiu.AymurzinaJV.Sprint1.Task2.V29.csproj", "{56D5CE5D-2020-4691-86AB-394DD8D5791C}"
EndProject
Project("{FAE04EC0-301F-11D3-BF4B-00C04F79EFBC}") = "Tyuiu.AymurzinaJV.Sprint1.Task2.V29.Lib", "Tyuiu.AymurzinaJV.Sprint1.Task2.V29.Lib\Tyuiu.AymurzinaJV.Sprint1.Task2.V29.Lib.csproj", "{D27A478E-A08E-4AF1-A30F-30261F431F4A}"
EndProject
Project("{FAE04EC0-301F-11D3-BF4B-00C04F79EFBC}") = "Tyuiu.AymurzinaJV.Sprint1.Task2.V29.Test", "Tyuiu.AymurzinaJV.Sprint1.Task2.V29.Test\Tyuiu.AymurzinaJV.Sprint1.Task2.V29.Test.csproj", "{5EF15ACB-8667-4594-94D8-3F40F7F5D506}"
EndProject
Project("{2150E333-8FDC-42A3-9474-1A3956D46DE8}") = "Task3", "Task3", "{FFC94E40-151C-46F2-9155-AED3C8E199D2}"
EndProject
Project("{FAE04EC0-301F-11D3-BF4B-00C04F79EFBC}") = "Tyuiu.AymurzinaJV.Sprint1.Task3.V7", "Tyuiu.AymurzinaJV.Sprint1.Task3.V7\Tyuiu.AymurzinaJV.Sprint1.Task3.V7.csproj", "{5B5988AB-A261-4153-826B-E1E9196BDC52}"
EndProject
Project("{FAE04EC0-301F-11D3-BF4B-00C04F79EFBC}") = "Tyuiu.AymurzinaJV.Sprint1.Task3.V7.Lib", "Tyuiu.AymurzinaJV.Sprint1.Task3.V7.Lib\Tyuiu.AymurzinaJV.Sprint1.Task3.V7.Lib.csproj", "{62833184-E5EC-4BDF-BF7D-1B3AF97E6335}"
EndProject
Project("{FAE04EC0-301F-11D3-BF4B-00C04F79EFBC}") = "Tyuiu.AymurzinaJV.Sprint1.Task3.V7.Test", "Tyuiu.AymurzinaJV.Sprint1.Task3.V7.Test\Tyuiu.AymurzinaJV.Sprint1.Task3.V7.Test.csproj", "{4CC97FBE-F688-4B36-9610-CC0F42BD5070}"
EndProject
Project("{2150E333-8FDC-42A3-9474-1A3956D46DE8}") = "Task4", "Task4", "{878B03ED-1351-4887-8C2B-C8075FAC8733}"
EndProject
Project("{FAE04EC0-301F-11D3-BF4B-00C04F79EFBC}") = "Tyuiu.AymurzinaJV.Sprint1.Task4.V5", "Tyuiu.AymurzinaJV.Sprint1.Task4.V5\Tyuiu.AymurzinaJV.Sprint1.Task4.V5.csproj", "{C0767E43-652B-4A27-9392-612268F1E097}"
EndProject
Project("{FAE04EC0-301F-11D3-BF4B-00C04F79EFBC}") = "Tyuiu.AymurzinaJV.Sprint1.Task4.V5.Lib", "Tyuiu.AymurzinaJV.Sprint1.Task4.V5.Lib\Tyuiu.AymurzinaJV.Sprint1.Task4.V5.Lib.csproj", "{D0AADD82-B1D6-4FF1-BCDF-4484017E9256}"
EndProject
Project("{FAE04EC0-301F-11D3-BF4B-00C04F79EFBC}") = "Tyuiu.AymurzinaJV.Sprint1.Task4.V5.Test", "Tyuiu.AymurzinaJV.Sprint1.Task4.V5.Test\Tyuiu.AymurzinaJV.Sprint1.Task4.V5.Test.csproj", "{6BF4E8CB-B75B-4DDD-8B92-C5FC58539936}"
EndProject
Global
	GlobalSection(SolutionConfigurationPlatforms) = preSolution
		Debug|Any CPU = Debug|Any CPU
		Release|Any CPU = Release|Any CPU
	EndGlobalSection
	GlobalSection(ProjectConfigurationPlatforms) = postSolution
		{D0A0C68E-A4B5-4E1A-BCD6-95575D256037}.Debug|Any CPU.ActiveCfg = Debug|Any CPU
		{D0A0C68E-A4B5-4E1A-BCD6-95575D256037}.Debug|Any CPU.Build.0 = Debug|Any CPU
		{D0A0C68E-A4B5-4E1A-BCD6-95575D256037}.Release|Any CPU.ActiveCfg = Release|Any CPU
		{D0A0C68E-A4B5-4E1A-BCD6-95575D256037}.Release|Any CPU.Build.0 = Release|Any CPU
		{CCCF8E4A-0A51-4482-82FF-455CE180704A}.Debug|Any CPU.ActiveCfg = Debug|Any CPU
		{CCCF8E4A-0A51-4482-82FF-455CE180704A}.Debug|Any CPU.Build.0 = Debug|Any CPU
		{CCCF8E4A-0A51-4482-82FF-455CE180704A}.Release|Any CPU.ActiveCfg = Release|Any CPU
		{CCCF8E4A-0A51-4482-82FF-455CE180704A}.Release|Any CPU.Build.0 = Release|Any CPU
		{40AC947E-3593-4345-BDE2-5CFDE78A1EF4}.Debug|Any CPU.ActiveCfg = Debug|Any CPU
		{40AC947E-3593-4345-BDE2-5CFDE78A1EF4}.Debug|Any CPU.Build.0 = Debug|Any CPU
		{40AC947E-3593-4345-BDE2-5CFDE78A1EF4}.Release|Any CPU.ActiveCfg = Release|Any CPU
		{40AC947E-3593-4345-BDE2-5CFDE78A1EF4}.Release|Any CPU.Build.0 = Release|Any CPU
		{8D8D1A3A-4F01-43CE-B6DF-B9CBD6E31CFF}.Debug|Any CPU.ActiveCfg = Debug|Any CPU
		{8D8D1A3A-4F01-43CE-B6DF-B9CBD6E31CFF}.Debug|Any CPU.Build.0 = Debug|Any CPU
		{8D8D1A3A-4F01-43CE-B6DF-B9CBD6E31CFF}.Release|Any CPU.ActiveCfg = Release|Any CPU
		{8D8D1A3A-4F01-43CE-B6DF-B9CBD6E31CFF}.Release|Any CPU.Build.0 = Release|Any CPU
		{66FF85E2-D99C-4175-B2D1-751EDC992717}.Debug|Any CPU.ActiveCfg = Debug|Any CPU
		{66FF85E2-D99C-4175-B2D1-751EDC992717}.Debug|Any CPU.Build.0 = Debug|Any CPU
		{66FF85E2-D99C-4175-B2D1-751EDC992717}.Release|Any CPU.ActiveCfg = Release|Any CPU
		{66FF85E2-D99C-4175-B2D1-751EDC992717}.Release|Any CPU.Build.0 = Release|Any CPU
		{727F02D3-9DE6-497B-A090-71877B2A38BA}.Debug|Any CPU.ActiveCfg = Debug|Any CPU
		{727F02D3-9DE6-497B-A090-71877B2A38BA}.Debug|Any CPU.Build.0 = Debug|Any CPU
		{727F02D3-9DE6-497B-A090-71877B2A38BA}.Release|Any CPU.ActiveCfg = Release|Any CPU
		{727F02D3-9DE6-497B-A090-71877B2A38BA}.Release|Any CPU.Build.0 = Release|Any CPU
		{56D5CE5D-2020-4691-86AB-394DD8D5791C}.Debug|Any CPU.ActiveCfg = Debug|Any CPU
		{56D5CE5D-2020-4691-86AB-394DD8D5791C}.Debug|Any CPU.Build.0 = Debug|Any CPU
		{56D5CE5D-2020-4691-86AB-394DD8D5791C}.Release|Any CPU.ActiveCfg = Release|Any CPU
		{56D5CE5D-2020-4691-86AB-394DD8D5791C}.Release|Any CPU.Build.0 = Release|Any CPU
		{D27A478E-A08E-4AF1-A30F-30261F431F4A}.Debug|Any CPU.ActiveCfg = Debug|Any CPU
		{D27A478E-A08E-4AF1-A30F-30261F431F4A}.Debug|Any CPU.Build.0 = Debug|Any CPU
		{D27A478E-A08E-4AF1-A30F-30261F431F4A}.Release|Any CPU.ActiveCfg = Release|Any CPU
		{D27A478E-A08E-4AF1-A30F-30261F431F4A}.Release|Any CPU.Build.0 = Release|Any CPU
		{5EF15ACB-8667-4594-94D8-3F40F7F5D506}.Debug|Any CPU.ActiveCfg = Debug|Any CPU
		{5EF15ACB-8667-4594-94D8-3F40F7F5D506}.Debug|Any CPU.Build.0 = Debug|Any CPU
		{5EF15ACB-8667-4594-94D8-3F40F7F5D506}.Release|Any CPU.ActiveCfg = Release|Any CPU
		{5EF15ACB-8667-4594-94D8-3F40F7F5D506}.Release|Any CPU.Build.0 = Release|Any CPU
		{5B5988AB-A261-4153-826B-E1E9196BDC52}.Debug|Any CPU.ActiveCfg = Debug|Any CPU
		{5B5988AB-A261-4153-826B-E1E9196BDC52}.Debug|Any CPU.Build.0 = Debug|Any CPU
		{5B5988AB-A261-4153-826B-E1E9196BDC52}.Release|Any CPU.ActiveCfg = Release|Any CPU
		{5B5988AB-A261-4153-826B-E1E9196BDC52}.Release|Any CPU.Build.0 = Release|Any CPU
		{62833184-E5EC-4BDF-BF7D-1B3AF97E6335}.Debug|Any CPU.ActiveCfg = Debug|Any CPU
		{62833184-E5EC-4BDF-BF7D-1B3AF97E6335}.Debug|Any CPU.Build.0 = Debug|Any CPU
		{62833184-E5EC-4BDF-BF7D-1B3AF97E6335}.Release|Any CPU.ActiveCfg = Release|Any CPU
		{62833184-E5EC-4BDF-BF7D-1B3AF97E6335}.Release|Any CPU.Build.0 = Release|Any CPU
		{4CC97FBE-F688-4B36-9610-CC0F42BD5070}.Debug|Any CPU.ActiveCfg = Debug|Any CPU
		{4CC97FBE-F688-4B36-9610-CC0F42BD5070}.Debug|Any CPU.Build.0 = Debug|Any CPU
		{4CC97FBE-F688-4B36-9610-CC0F42BD5070}.Release|Any CPU.ActiveCfg = Release|Any CPU
		{4CC97FBE-F688-4B36-9610-CC0F42BD5070}.Release|Any CPU.Build.0 = Release|Any CPU
		{C0767E43-652B-4A27-9392-612268F1E097}.Debug|Any CPU.ActiveCfg = Debug|Any CPU
		{C0767E43-652B-4A27-9392-612268F1E097}.Debug|Any CPU.Build.0 = Debug|Any CPU
		{C0767E43-652B-4A27-9392-612268F1E097}.Release|Any CPU.ActiveCfg = Release|Any CPU
		{C0767E43-652B-4A27-9392-612268F1E097}.Release|Any CPU.Build.0 = Release|Any CPU
		{D0AADD82-B1D6-4FF1-BCDF-4484017E9256}.Debug|Any CPU.ActiveCfg = Debug|Any CPU
		{D0AADD82-B1D6-4FF1-BCDF-4484017E9256}.Debug|Any CPU.Build.0 = Debug|Any CPU
		{D0AADD82-B1D6-4FF1-BCDF-4484017E9256}.Release|Any CPU.ActiveCfg = Release|Any CPU
		{D0AADD82-B1D6-4FF1-BCDF-4484017E9256}.Release|Any CPU.Build.0 = Release|Any CPU
		{6BF4E8CB-B75B-4DDD-8B92-C5FC58539936}.Debug|Any CPU.ActiveCfg = Debug|Any CPU
		{6BF4E8CB-B75B-4DDD-8B92-C5FC58539936}.Debug|Any CPU.Build.0 = Debug|Any CPU
		{6BF4E8CB-B75B-4DDD-8B92-C5FC58539936}.Release|Any CPU.ActiveCfg = Release|Any CPU
		{6BF4E8CB-B75B-4DDD-8B92-C5FC58539936}.Release|Any CPU.Build.0 = Release|Any CPU
	EndGlobalSection
	GlobalSection(SolutionProperties) = preSolution
		HideSolutionNode = FALSE
	EndGlobalSection
	GlobalSection(NestedProjects) = preSolution
		{D0A0C68E-A4B5-4E1A-BCD6-95575D256037} = {02EA681E-C7D8-13C7-8484-4AC65E1B71E8}
		{CCCF8E4A-0A51-4482-82FF-455CE180704A} = {02EA681E-C7D8-13C7-8484-4AC65E1B71E8}
		{40AC947E-3593-4345-BDE2-5CFDE78A1EF4} = {02EA681E-C7D8-13C7-8484-4AC65E1B71E8}
		{8D8D1A3A-4F01-43CE-B6DF-B9CBD6E31CFF} = {150795B7-D6F9-426D-86F7-6624C89A66C1}
		{66FF85E2-D99C-4175-B2D1-751EDC992717} = {150795B7-D6F9-426D-86F7-6624C89A66C1}
		{727F02D3-9DE6-497B-A090-71877B2A38BA} = {150795B7-D6F9-426D-86F7-6624C89A66C1}
		{56D5CE5D-2020-4691-86AB-394DD8D5791C} = {84B4F3D1-4D1F-4BA9-B410-24FBD041D7C1}
		{D27A478E-A08E-4AF1-A30F-30261F431F4A} = {84B4F3D1-4D1F-4BA9-B410-24FBD041D7C1}
		{5EF15ACB-8667-4594-94D8-3F40F7F5D506} = {84B4F3D1-4D1F-4BA9-B410-24FBD041D7C1}
		{5B5988AB-A261-4153-826B-E1E9196BDC52} = {FFC94E40-151C-46F2-9155-AED3C8E199D2}
		{62833184-E5EC-4BDF-BF7D-1B3AF97E6335} = {FFC94E40-151C-46F2-9155-AED3C8E199D2}
		{4CC97FBE-F688-4B36-9610-CC0F42BD5070} = {FFC94E40-151C-46F2-9155-AED3C8E199D2}
		{C0767E43-652B-4A27-9392-612268F1E097} = {878B03ED-1351-4887-8C2B-C8075FAC8733}
		{D0AADD82-B1D6-4FF1-BCDF-4484017E9256} = {878B03ED-1351-4887-8C2B-C8075FAC8733}
		{6BF4E8CB-B75B-4DDD-8B92-C5FC58539936} = {878B03ED-1351-4887-8C2B-C8075FAC8733}
	EndGlobalSection
	GlobalSection(ExtensibilityGlobals) = postSolution
		SolutionGuid = {89D3E2A8-C2EB-403F-A3B2-38C2DA84996D}
	EndGlobalSection
EndGlobal
